// !$*UTF8*$!
{
	archiveVersion = 1;
	classes = {
	};
	objectVersion = 46;
	objects = {

/* Begin PBXBuildFile section */
		5D747E761A5516EF00A61EFD /* main.m in Sources */ = {isa = PBXBuildFile; fileRef = 5D747E751A5516EF00A61EFD /* main.m */; };
		5D747E791A5516EF00A61EFD /* AppDelegate.m in Sources */ = {isa = PBXBuildFile; fileRef = 5D747E781A5516EF00A61EFD /* AppDelegate.m */; };
		5D747E7C1A5516EF00A61EFD /* ViewController.m in Sources */ = {isa = PBXBuildFile; fileRef = 5D747E7B1A5516EF00A61EFD /* ViewController.m */; };
		5D747E7F1A5516EF00A61EFD /* Main.storyboard in Resources */ = {isa = PBXBuildFile; fileRef = 5D747E7D1A5516EF00A61EFD /* Main.storyboard */; };
		5D747E811A5516EF00A61EFD /* Images.xcassets in Resources */ = {isa = PBXBuildFile; fileRef = 5D747E801A5516EF00A61EFD /* Images.xcassets */; };
		5D747E841A5516EF00A61EFD /* LaunchScreen.xib in Resources */ = {isa = PBXBuildFile; fileRef = 5D747E821A5516EF00A61EFD /* LaunchScreen.xib */; };
		5D747E901A5516EF00A61EFD /* SimpleListTests.m in Sources */ = {isa = PBXBuildFile; fileRef = 5D747E8F1A5516EF00A61EFD /* SimpleListTests.m */; };
/* End PBXBuildFile section */

/* Begin PBXContainerItemProxy section */
		5D747E8A1A5516EF00A61EFD /* PBXContainerItemProxy */ = {
			isa = PBXContainerItemProxy;
			containerPortal = 5D747E681A5516EF00A61EFD /* Project object */;
			proxyType = 1;
			remoteGlobalIDString = 5D747E6F1A5516EF00A61EFD;
			remoteInfo = SimpleList;
		};
/* End PBXContainerItemProxy section */

/* Begin PBXFileReference section */
		5D747E701A5516EF00A61EFD /* SimpleList.app */ = {isa = PBXFileReference; explicitFileType = wrapper.application; includeInIndex = 0; path = SimpleList.app; sourceTree = BUILT_PRODUCTS_DIR; };
		5D747E741A5516EF00A61EFD /* Info.plist */ = {isa = PBXFileReference; lastKnownFileType = text.plist.xml; path = Info.plist; sourceTree = "<group>"; };
		5D747E751A5516EF00A61EFD /* main.m */ = {isa = PBXFileReference; lastKnownFileType = sourcecode.c.objc; path = main.m; sourceTree = "<group>"; };
		5D747E771A5516EF00A61EFD /* AppDelegate.h */ = {isa = PBXFileReference; lastKnownFileType = sourcecode.c.h; path = AppDelegate.h; sourceTree = "<group>"; };
		5D747E781A5516EF00A61EFD /* AppDelegate.m */ = {isa = PBXFileReference; lastKnownFileType = sourcecode.c.objc; path = AppDelegate.m; sourceTree = "<group>"; };
		5D747E7A1A5516EF00A61EFD /* ViewController.h */ = {isa = PBXFileReference; lastKnownFileType = sourcecode.c.h; path = ViewController.h; sourceTree = "<group>"; };
		5D747E7B1A5516EF00A61EFD /* ViewController.m */ = {isa = PBXFileReference; lastKnownFileType = sourcecode.c.objc; path = ViewController.m; sourceTree = "<group>"; };
		5D747E7E1A5516EF00A61EFD /* Base */ = {isa = PBXFileReference; lastKnownFileType = file.storyboard; name = Base; path = Base.lproj/Main.storyboard; sourceTree = "<group>"; };
		5D747E801A5516EF00A61EFD /* Images.xcassets */ = {isa = PBXFileReference; lastKnownFileType = folder.assetcatalog; path = Images.xcassets; sourceTree = "<group>"; };
		5D747E831A5516EF00A61EFD /* Base */ = {isa = PBXFileReference; lastKnownFileType = file.xib; name = Base; path = Base.lproj/LaunchScreen.xib; sourceTree = "<group>"; };
		5D747E891A5516EF00A61EFD /* SimpleListTests.xctest */ = {isa = PBXFileReference; explicitFileType = wrapper.cfbundle; includeInIndex = 0; path = SimpleListTests.xctest; sourceTree = BUILT_PRODUCTS_DIR; };
		5D747E8E1A5516EF00A61EFD /* Info.plist */ = {isa = PBXFileReference; lastKnownFileType = text.plist.xml; path = Info.plist; sourceTree = "<group>"; };
		5D747E8F1A5516EF00A61EFD /* SimpleListTests.m */ = {isa = PBXFileReference; lastKnownFileType = sourcecode.c.objc; path = SimpleListTests.m; sourceTree = "<group>"; };
/* End PBXFileReference section */

/* Begin PBXFrameworksBuildPhase section */
		5D747E6D1A5516EF00A61EFD /* Frameworks */ = {
			isa = PBXFrameworksBuildPhase;
			buildActionMask = 2147483647;
			files = (
			);
			runOnlyForDeploymentPostprocessing = 0;
		};
		5D747E861A5516EF00A61EFD /* Frameworks */ = {
			isa = PBXFrameworksBuildPhase;
			buildActionMask = 2147483647;
			files = (
			);
			runOnlyForDeploymentPostprocessing = 0;
		};
/* End PBXFrameworksBuildPhase section */

/* Begin PBXGroup section */
		5D747E671A5516EF00A61EFD = {
			isa = PBXGroup;
			children = (
				5D747E721A5516EF00A61EFD /* SimpleList */,
				5D747E8C1A5516EF00A61EFD /* SimpleListTests */,
				5D747E711A5516EF00A61EFD /* Products */,
			);
			sourceTree = "<group>";
		};
		5D747E711A5516EF00A61EFD /* Products */ = {
			isa = PBXGroup;
			children = (
				5D747E701A5516EF00A61EFD /* SimpleList.app */,
				5D747E891A5516EF00A61EFD /* SimpleListTests.xctest */,
			);
			name = Products;
			sourceTree = "<group>";
		};
		5D747E721A5516EF00A61EFD /* SimpleList */ = {
			isa = PBXGroup;
			children = (
				5D747E771A5516EF00A61EFD /* AppDelegate.h */,
				5D747E781A5516EF00A61EFD /* AppDelegate.m */,
				5D747E7A1A5516EF00A61EFD /* ViewController.h */,
				5D747E7B1A5516EF00A61EFD /* ViewController.m */,
				5D747E7D1A5516EF00A61EFD /* Main.storyboard */,
				5D747E801A5516EF00A61EFD /* Images.xcassets */,
				5D747E821A5516EF00A61EFD /* LaunchScreen.xib */,
				5D747E731A5516EF00A61EFD /* Supporting Files */,
			);
			path = SimpleList;
			sourceTree = "<group>";
		};
		5D747E731A5516EF00A61EFD /* Supporting Files */ = {
			isa = PBXGroup;
			children = (
				5D747E741A5516EF00A61EFD /* Info.plist */,
				5D747E751A5516EF00A61EFD /* main.m */,
			);
			name = "Supporting Files";
			sourceTree = "<group>";
		};
		5D747E8C1A5516EF00A61EFD /* SimpleListTests */ = {
			isa = PBXGroup;
			children = (
				5D747E8F1A5516EF00A61EFD /* SimpleListTests.m */,
				5D747E8D1A5516EF00A61EFD /* Supporting Files */,
			);
			path = SimpleListTests;
			sourceTree = "<group>";
		};
		5D747E8D1A5516EF00A61EFD /* Supporting Files */ = {
			isa = PBXGroup;
			children = (
				5D747E8E1A5516EF00A61EFD /* Info.plist */,
			);
			name = "Supporting Files";
			sourceTree = "<group>";
		};
/* End PBXGroup section */

/* Begin PBXNativeTarget section */
		5D747E6F1A5516EF00A61EFD /* SimpleList */ = {
			isa = PBXNativeTarget;
			buildConfigurationList = 5D747E931A5516EF00A61EFD /* Build configuration list for PBXNativeTarget "SimpleList" */;
			buildPhases = (
				5D747E6C1A5516EF00A61EFD /* Sources */,
				5D747E6D1A5516EF00A61EFD /* Frameworks */,
				5D747E6E1A5516EF00A61EFD /* Resources */,
			);
			buildRules = (
			);
			dependencies = (
			);
			name = SimpleList;
			productName = SimpleList;
			productReference = 5D747E701A5516EF00A61EFD /* SimpleList.app */;
			productType = "com.apple.product-type.application";
		};
		5D747E881A5516EF00A61EFD /* SimpleListTests */ = {
			isa = PBXNativeTarget;
			buildConfigurationList = 5D747E961A5516EF00A61EFD /* Build configuration list for PBXNativeTarget "SimpleListTests" */;
			buildPhases = (
				5D747E851A5516EF00A61EFD /* Sources */,
				5D747E861A5516EF00A61EFD /* Frameworks */,
				5D747E871A5516EF00A61EFD /* Resources */,
			);
			buildRules = (
			);
			dependencies = (
				5D747E8B1A5516EF00A61EFD /* PBXTargetDependency */,
			);
			name = SimpleListTests;
			productName = SimpleListTests;
			productReference = 5D747E891A5516EF00A61EFD /* SimpleListTests.xctest */;
			productType = "com.apple.product-type.bundle.unit-test";
		};
/* End PBXNativeTarget section */

/* Begin PBXProject section */
		5D747E681A5516EF00A61EFD /* Project object */ = {
			isa = PBXProject;
			attributes = {
				LastUpgradeCheck = 0610;
				ORGANIZATIONNAME = "Alzate Zabala";
				TargetAttributes = {
					5D747E6F1A5516EF00A61EFD = {
						CreatedOnToolsVersion = 6.1.1;
					};
					5D747E881A5516EF00A61EFD = {
						CreatedOnToolsVersion = 6.1.1;
						TestTargetID = 5D747E6F1A5516EF00A61EFD;
					};
				};
			};
			buildConfigurationList = 5D747E6B1A5516EF00A61EFD /* Build configuration list for PBXProject "SimpleList" */;
			compatibilityVersion = "Xcode 3.2";
			developmentRegion = English;
			hasScannedForEncodings = 0;
			knownRegions = (
				en,
				Base,
			);
			mainGroup = 5D747E671A5516EF00A61EFD;
			productRefGroup = 5D747E711A5516EF00A61EFD /* Products */;
			projectDirPath = "";
			projectRoot = "";
			targets = (
				5D747E6F1A5516EF00A61EFD /* SimpleList */,
				5D747E881A5516EF00A61EFD /* SimpleListTests */,
			);
		};
/* End PBXProject section */

/* Begin PBXResourcesBuildPhase section */
		5D747E6E1A5516EF00A61EFD /* Resources */ = {
			isa = PBXResourcesBuildPhase;
			buildActionMask = 2147483647;
			files = (
				5D747E7F1A5516EF00A61EFD /* Main.storyboard in Resources */,
				5D747E841A5516EF00A61EFD /* LaunchScreen.xib in Resources */,
				5D747E811A5516EF00A61EFD /* Images.xcassets in Resources */,
			);
			runOnlyForDeploymentPostprocessing = 0;
		};
		5D747E871A5516EF00A61EFD /* Resources */ = {
			isa = PBXResourcesBuildPhase;
			buildActionMask = 2147483647;
			files = (
			);
			runOnlyForDeploymentPostprocessing = 0;
		};
/* End PBXResourcesBuildPhase section */

/* Begin PBXSourcesBuildPhase section */
		5D747E6C1A5516EF00A61EFD /* Sources */ = {
			isa = PBXSourcesBuildPhase;
			buildActionMask = 2147483647;
			files = (
				5D747E7C1A5516EF00A61EFD /* ViewController.m in Sources */,
				5D747E791A5516EF00A61EFD /* AppDelegate.m in Sources */,
				5D747E761A5516EF00A61EFD /* main.m in Sources */,
			);
			runOnlyForDeploymentPostprocessing = 0;
		};
		5D747E851A5516EF00A61EFD /* Sources */ = {
			isa = PBXSourcesBuildPhase;
			buildActionMask = 2147483647;
			files = (
				5D747E901A5516EF00A61EFD /* SimpleListTests.m in Sources */,
			);
			runOnlyForDeploymentPostprocessing = 0;
		};
/* End PBXSourcesBuildPhase section */

/* Begin PBXTargetDependency section */
		5D747E8B1A5516EF00A61EFD /* PBXTargetDependency */ = {
			isa = PBXTargetDependency;
			target = 5D747E6F1A5516EF00A61EFD /* SimpleList */;
			targetProxy = 5D747E8A1A5516EF00A61EFD /* PBXContainerItemProxy */;
		};
/* End PBXTargetDependency section */

/* Begin PBXVariantGroup section */
		5D747E7D1A5516EF00A61EFD /* Main.storyboard */ = {
			isa = PBXVariantGroup;
			children = (
				5D747E7E1A5516EF00A61EFD /* Base */,
			);
			name = Main.storyboard;
			sourceTree = "<group>";
		};
		5D747E821A5516EF00A61EFD /* LaunchScreen.xib */ = {
			isa = PBXVariantGroup;
			children = (
				5D747E831A5516EF00A61EFD /* Base */,
			);
			name = LaunchScreen.xib;
			sourceTree = "<group>";
		};
/* End PBXVariantGroup section */

/* Begin XCBuildConfiguration section */
		5D747E911A5516EF00A61EFD /* Debug */ = {
			isa = XCBuildConfiguration;
			buildSettings = {
				ALWAYS_SEARCH_USER_PATHS = NO;
				CLANG_CXX_LANGUAGE_STANDARD = "gnu++0x";
				CLANG_CXX_LIBRARY = "libc++";
				CLANG_ENABLE_MODULES = YES;
				CLANG_ENABLE_OBJC_ARC = YES;
				CLANG_WARN_BOOL_CONVERSION = YES;
				CLANG_WARN_CONSTANT_CONVERSION = YES;
				CLANG_WARN_DIRECT_OBJC_ISA_USAGE = YES_ERROR;
				CLANG_WARN_EMPTY_BODY = YES;
				CLANG_WARN_ENUM_CONVERSION = YES;
				CLANG_WARN_INT_CONVERSION = YES;
				CLANG_WARN_OBJC_ROOT_CLASS = YES_ERROR;
				CLANG_WARN_UNREACHABLE_CODE = YES;
				CLANG_WARN__DUPLICATE_METHOD_MATCH = YES;
				"CODE_SIGN_IDENTITY[sdk=iphoneos*]" = "iPhone Developer";
				COPY_PHASE_STRIP = NO;
				ENABLE_STRICT_OBJC_MSGSEND = YES;
				GCC_C_LANGUAGE_STANDARD = gnu99;
				GCC_DYNAMIC_NO_PIC = NO;
				GCC_OPTIMIZATION_LEVEL = 0;
				GCC_PREPROCESSOR_DEFINITIONS = (
					"DEBUG=1",
					"$(inherited)",
				);
				GCC_SYMBOLS_PRIVATE_EXTERN = NO;
				GCC_WARN_64_TO_32_BIT_CONVERSION = YES;
				GCC_WARN_ABOUT_RETURN_TYPE = YES_ERROR;
				GCC_WARN_UNDECLARED_SELECTOR = YES;
				GCC_WARN_UNINITIALIZED_AUTOS = YES_AGGRESSIVE;
				GCC_WARN_UNUSED_FUNCTION = YES;
				GCC_WARN_UNUSED_VARIABLE = YES;
				IPHONEOS_DEPLOYMENT_TARGET = 8.1;
				MTL_ENABLE_DEBUG_INFO = YES;
				ONLY_ACTIVE_ARCH = YES;
				SDKROOT = iphoneos;
				TARGETED_DEVICE_FAMILY = "1,2";
			};
			name = Debug;
		};
		5D747E921A5516EF00A61EFD /* Release */ = {
			isa = XCBuildConfiguration;
			buildSettings = {
				ALWAYS_SEARCH_USER_PATHS = NO;
				CLANG_CXX_LANGUAGE_STANDARD = "gnu++0x";
				CLANG_CXX_LIBRARY = "libc++";
				CLANG_ENABLE_MODULES = YES;
				CLANG_ENABLE_OBJC_ARC = YES;
				CLANG_WARN_BOOL_CONVERSION = YES;
				CLANG_WARN_CONSTANT_CONVERSION = YES;
				CLANG_WARN_DIRECT_OBJC_ISA_USAGE = YES_ERROR;
				CLANG_WARN_EMPTY_BODY = YES;
				CLANG_WARN_ENUM_CONVERSION = YES;
				CLANG_WARN_INT_CONVERSION = YES;
				CLANG_WARN_OBJC_ROOT_CLASS = YES_ERROR;
				CLANG_WARN_UNREACHABLE_CODE = YES;
				CLANG_WARN__DUPLICATE_METHOD_MATCH = YES;
				"CODE_SIGN_IDENTITY[sdk=iphoneos*]" = "iPhone Developer";
				COPY_PHASE_STRIP = YES;
				ENABLE_NS_ASSERTIONS = NO;
				ENABLE_STRICT_OBJC_MSGSEND = YES;
				GCC_C_LANGUAGE_STANDARD = gnu99;
				GCC_WARN_64_TO_32_BIT_CONVERSION = YES;
				GCC_WARN_ABOUT_RETURN_TYPE = YES_ERROR;
				GCC_WARN_UNDECLARED_SELECTOR = YES;
				GCC_WARN_UNINITIALIZED_AUTOS = YES_AGGRESSIVE;
				GCC_WARN_UNUSED_FUNCTION = YES;
				GCC_WARN_UNUSED_VARIABLE = YES;
				IPHONEOS_DEPLOYMENT_TARGET = 8.1;
				MTL_ENABLE_DEBUG_INFO = NO;
				SDKROOT = iphoneos;
				TARGETED_DEVICE_FAMILY = "1,2";
				VALIDATE_PRODUCT = YES;
			};
			name = Release;
		};
		5D747E941A5516EF00A61EFD /* Debug */ = {
			isa = XCBuildConfiguration;
			buildSettings = {
				ASSETCATALOG_COMPILER_APPICON_NAME = AppIcon;
				INFOPLIST_FILE = SimpleList/Info.plist;
				LD_RUNPATH_SEARCH_PATHS = "$(inherited) @executable_path/Frameworks";
				PRODUCT_NAME = "$(TARGET_NAME)";
			};
			name = Debug;
		};
		5D747E951A5516EF00A61EFD /* Release */ = {
			isa = XCBuildConfiguration;
			buildSettings = {
				ASSETCATALOG_COMPILER_APPICON_NAME = AppIcon;
				INFOPLIST_FILE = SimpleList/Info.plist;
				LD_RUNPATH_SEARCH_PATHS = "$(inherited) @executable_path/Frameworks";
				PRODUCT_NAME = "$(TARGET_NAME)";
			};
			name = Release;
		};
		5D747E971A5516EF00A61EFD /* Debug */ = {
			isa = XCBuildConfiguration;
			buildSettings = {
				BUNDLE_LOADER = "$(TEST_HOST)";
				FRAMEWORK_SEARCH_PATHS = (
					"$(SDKROOT)/Developer/Library/Frameworks",
					"$(inherited)",
				);
				GCC_PREPROCESSOR_DEFINITIONS = (
					"DEBUG=1",
					"$(inherited)",
				);
				INFOPLIST_FILE = SimpleListTests/Info.plist;
				LD_RUNPATH_SEARCH_PATHS = "$(inherited) @executable_path/Frameworks @loader_path/Frameworks";
				PRODUCT_NAME = "$(TARGET_NAME)";
				TEST_HOST = "$(BUILT_PRODUCTS_DIR)/SimpleList.app/SimpleList";
			};
			name = Debug;
		};
		5D747E981A5516EF00A61EFD /* Release */ = {
			isa = XCBuildConfiguration;
			buildSettings = {
				BUNDLE_LOADER = "$(TEST_HOST)";
				FRAMEWORK_SEARCH_PATHS = (
					"$(SDKROOT)/Developer/Library/Frameworks",
					"$(inherited)",
				);
				INFOPLIST_FILE = SimpleListTests/Info.plist;
				LD_RUNPATH_SEARCH_PATHS = "$(inherited) @executable_path/Frameworks @loader_path/Frameworks";
				PRODUCT_NAME = "$(TARGET_NAME)";
				TEST_HOST = "$(BUILT_PRODUCTS_DIR)/SimpleList.app/SimpleList";
			};
			name = Release;
		};
/* End XCBuildConfiguration section */

/* Begin XCConfigurationList section */
		5D747E6B1A5516EF00A61EFD /* Build configuration list for PBXProject "SimpleList" */ = {
			isa = XCConfigurationList;
			buildConfigurations = (
				5D747E911A5516EF00A61EFD /* Debug */,
				5D747E921A5516EF00A61EFD /* Release */,
			);
			defaultConfigurationIsVisible = 0;
			defaultConfigurationName = Release;
		};
		5D747E931A5516EF00A61EFD /* Build configuration list for PBXNativeTarget "SimpleList" */ = {
			isa = XCConfigurationList;
			buildConfigurations = (
				5D747E941A5516EF00A61EFD /* Debug */,
				5D747E951A5516EF00A61EFD /* Release */,
			);
			defaultConfigurationIsVisible = 0;
		};
		5D747E961A5516EF00A61EFD /* Build configuration list for PBXNativeTarget "SimpleListTests" */ = {
			isa = XCConfigurationList;
			buildConfigurations = (
				5D747E971A5516EF00A61EFD /* Debug */,
				5D747E981A5516EF00A61EFD /* Release */,
			);
			defaultConfigurationIsVisible = 0;
		};
/* End XCConfigurationList section */
	};
	rootObject = 5D747E681A5516EF00A61EFD /* Project object */;
}
